
Microsoft Visual Studio Solution File, Format Version 12.00
# Visual Studio Version 17
VisualStudioVersion = 17.0.31912.275
MinimumVisualStudioVersion = 10.0.40219.1
Project("{FAE04EC0-301F-11D3-BF4B-00C04F79EFBC}") = "Ugurcan.Api", "Ugurcan.Api\Ugurcan.Api.csproj", "{3500B5B6-16B1-40DB-9A2C-D07280790032}"
EndProject
Project("{FAE04EC0-301F-11D3-BF4B-00C04F79EFBC}") = "Ugurcan.Core", "Ugurcan.Core\Ugurcan.Core.csproj", "{3C4E31A6-DCCB-4BC2-A228-483D4D997236}"
EndProject
Global
	GlobalSection(SolutionConfigurationPlatforms) = preSolution
		Debug|Any CPU = Debug|Any CPU
		Release|Any CPU = Release|Any CPU
	EndGlobalSection
	GlobalSection(ProjectConfigurationPlatforms) = postSolution
		{3500B5B6-16B1-40DB-9A2C-D07280790032}.Debug|Any CPU.ActiveCfg = Debug|Any CPU
		{3500B5B6-16B1-40DB-9A2C-D07280790032}.Debug|Any CPU.Build.0 = Debug|Any CPU
		{3500B5B6-16B1-40DB-9A2C-D07280790032}.Release|Any CPU.ActiveCfg = Release|Any CPU
		{3500B5B6-16B1-40DB-9A2C-D07280790032}.Release|Any CPU.Build.0 = Release|Any CPU
		{3C4E31A6-DCCB-4BC2-A228-483D4D997236}.Debug|Any CPU.ActiveCfg = Debug|Any CPU
		{3C4E31A6-DCCB-4BC2-A228-483D4D997236}.Debug|Any CPU.Build.0 = Debug|Any CPU
		{3C4E31A6-DCCB-4BC2-A228-483D4D997236}.Release|Any CPU.ActiveCfg = Release|Any CPU
		{3C4E31A6-DCCB-4BC2-A228-483D4D997236}.Release|Any CPU.Build.0 = Release|Any CPU
	EndGlobalSection
	GlobalSection(SolutionProperties) = preSolution
		HideSolutionNode = FALSE
	EndGlobalSection
	GlobalSection(ExtensibilityGlobals) = postSolution
		SolutionGuid = {4A4066F1-21ED-4E95-9AFB-2BEC3B292441}
	EndGlobalSection
EndGlobal
